
Microsoft Visual Studio Solution File, Format Version 12.00
# Visual Studio Version 17
VisualStudioVersion = 17.8.34322.80
MinimumVisualStudioVersion = 10.0.40219.1
Project("{9A19103F-16F7-4668-BE54-9A1E7A4F7556}") = "Macmillan.GraphQL.Account", "Macmillan.GraphQL.Account.csproj", "{7750B0C3-421D-41A7-86E7-76B77ADA7703}"
EndProject
Global
	GlobalSection(SolutionConfigurationPlatforms) = preSolution
		Debug|Any CPU = Debug|Any CPU
		Release|Any CPU = Release|Any CPU
	EndGlobalSection
	GlobalSection(ProjectConfigurationPlatforms) = postSolution
		{7750B0C3-421D-41A7-86E7-76B77ADA7703}.Debug|Any CPU.ActiveCfg = Debug|Any CPU
		{7750B0C3-421D-41A7-86E7-76B77ADA7703}.Debug|Any CPU.Build.0 = Debug|Any CPU
		{7750B0C3-421D-41A7-86E7-76B77ADA7703}.Release|Any CPU.ActiveCfg = Release|Any CPU
		{7750B0C3-421D-41A7-86E7-76B77ADA7703}.Release|Any CPU.Build.0 = Release|Any CPU
	EndGlobalSection
	GlobalSection(SolutionProperties) = preSolution
		HideSolutionNode = FALSE
	EndGlobalSection
	GlobalSection(ExtensibilityGlobals) = postSolution
		SolutionGuid = {7FD8F616-BC54-4D68-93B4-9C1CE290A88C}
	EndGlobalSection
EndGlobal
